PODS:
  - Alamofire (5.2.2)
  - DeviceKit (3.2.0)
  - Firebase/Analytics (6.28.1):
    - Firebase/Core
  - Firebase/Auth (6.28.1):
    - Firebase/CoreOnly
    - FirebaseAuth (~> 6.7.0)
  - Firebase/Core (6.28.1):
    - Firebase/CoreOnly
    - FirebaseAnalytics (= 6.6.2)
  - Firebase/CoreOnly (6.28.1):
    - FirebaseCore (= 6.9.1)
  - Firebase/Crashlytics (6.28.1):
    - Firebase/CoreOnly
    - FirebaseCrashlytics (~> 4.3.0)
  - Firebase/Database (6.28.1):
    - Firebase/CoreOnly
    - FirebaseDatabase (~> 6.4.0)
  - Firebase/Messaging (6.28.1):
    - Firebase/CoreOnly
    - FirebaseMessaging (~> 4.6.0)
  - Firebase/Storage (6.28.1):
    - Firebase/CoreOnly
    - FirebaseStorage (~> 3.8.0)
  - FirebaseAnalytics (6.6.2):
    - FirebaseCore (~> 6.8)
    - FirebaseInstallations (~> 1.4)
    - GoogleAppMeasurement (= 6.6.2)
    - GoogleUtilities/AppDelegateSwizzler (~> 6.0)
    - GoogleUtilities/MethodSwizzler (~> 6.0)
    - GoogleUtilities/Network (~> 6.0)
    - "GoogleUtilities/NSData+zlib (~> 6.0)"
    - nanopb (~> 1.30905.0)
  - FirebaseAuth (6.7.0):
    - FirebaseCore (~> 6.8)
    - GoogleUtilities/AppDelegateSwizzler (~> 6.7)
    - GoogleUtilities/Environment (~> 6.7)
    - GTMSessionFetcher/Core (~> 1.1)
  - FirebaseCore (6.9.1):
    - FirebaseCoreDiagnostics (~> 1.3)
    - GoogleUtilities/Environment (~> 6.7)
    - GoogleUtilities/Logger (~> 6.7)
  - FirebaseCoreDiagnostics (1.5.0):
    - GoogleDataTransport (~> 7.0)
    - GoogleUtilities/Environment (~> 6.7)
    - GoogleUtilities/Logger (~> 6.7)
    - nanopb (~> 1.30905.0)
  - FirebaseCrashlytics (4.3.0):
    - FirebaseCore (~> 6.8)
    - FirebaseInstallations (~> 1.1)
    - GoogleDataTransport (~> 7.0)
    - nanopb (~> 1.30905.0)
    - PromisesObjC (~> 1.2)
  - FirebaseDatabase (6.4.0):
    - FirebaseCore (~> 6.8)
    - leveldb-library (~> 1.22)
  - FirebaseInstallations (1.5.0):
    - FirebaseCore (~> 6.8)
    - GoogleUtilities/Environment (~> 6.7)
    - GoogleUtilities/UserDefaults (~> 6.7)
    - PromisesObjC (~> 1.2)
  - FirebaseInstanceID (4.5.0):
    - FirebaseCore (~> 6.8)
    - FirebaseInstallations (~> 1.0)
    - GoogleUtilities/Environment (~> 6.7)
    - GoogleUtilities/UserDefaults (~> 6.7)
  - FirebaseMessaging (4.6.0):
    - FirebaseCore (~> 6.8)
    - FirebaseInstanceID (~> 4.3)
    - GoogleUtilities/AppDelegateSwizzler (~> 6.7)
    - GoogleUtilities/Environment (~> 6.7)
    - GoogleUtilities/Reachability (~> 6.7)
    - GoogleUtilities/UserDefaults (~> 6.7)
    - Protobuf (>= 3.9.2, ~> 3.9)
  - FirebaseStorage (3.8.0):
    - FirebaseCore (~> 6.8)
    - GTMSessionFetcher/Core (~> 1.1)
  - FirebaseUI/Auth (8.4.2):
    - Firebase/Auth (~> 6.0)
    - GoogleUtilities/UserDefaults
  - GoogleAppMeasurement (6.6.2):
    - GoogleUtilities/AppDelegateSwizzler (~> 6.0)
    - GoogleUtilities/MethodSwizzler (~> 6.0)
    - GoogleUtilities/Network (~> 6.0)
    - "GoogleUtilities/NSData+zlib (~> 6.0)"
    - nanopb (~> 1.30905.0)
  - GoogleDataTransport (7.0.0):
    - nanopb (~> 1.30905.0)
  - GoogleUtilities/AppDelegateSwizzler (6.7.1):
    - GoogleUtilities/Environment
    - GoogleUtilities/Logger
    - GoogleUtilities/Network
  - GoogleUtilities/Environment (6.7.1):
    - PromisesObjC (~> 1.2)
  - GoogleUtilities/Logger (6.7.1):
    - GoogleUtilities/Environment
  - GoogleUtilities/MethodSwizzler (6.7.1):
    - GoogleUtilities/Logger
  - GoogleUtilities/Network (6.7.1):
    - GoogleUtilities/Logger
    - "GoogleUtilities/NSData+zlib"
    - GoogleUtilities/Reachability
  - "GoogleUtilities/NSData+zlib (6.7.1)"
  - GoogleUtilities/Reachability (6.7.1):
    - GoogleUtilities/Logger
  - GoogleUtilities/UserDefaults (6.7.1):
    - GoogleUtilities/Logger
  - GTMSessionFetcher/Core (1.4.0)
  - Kingfisher (5.14.1):
    - Kingfisher/Core (= 5.14.1)
  - Kingfisher/Core (5.14.1)
  - leveldb-library (1.22)
  - lottie-ios (3.1.8)
  - nanopb (1.30905.0):
    - nanopb/decode (= 1.30905.0)
    - nanopb/encode (= 1.30905.0)
  - nanopb/decode (1.30905.0)
  - nanopb/encode (1.30905.0)
  - PromisesObjC (1.2.9)
  - Protobuf (3.12.0)
  - Siren (5.1.2)
  - SwiftyGif (5.3.0)
  - SwiftyJSON (5.0.0)
  - TTGSnackbar (1.10.3)

DEPENDENCIES:
  - Alamofire
  - DeviceKit
  - Firebase/Analytics
  - Firebase/Crashlytics
  - Firebase/Database
  - Firebase/Messaging
  - Firebase/Storage
  - FirebaseUI/Auth
  - Kingfisher
  - lottie-ios
  - Siren (from `https://github.com/ArtSabintsev/Siren.git`, branch `swift5.0`)
  - SwiftyGif
  - SwiftyJSON
  - TTGSnackbar

SPEC REPOS:
  trunk:
    - Alamofire
    - DeviceKit
    - Firebase
    - FirebaseAnalytics
    - FirebaseAuth
    - FirebaseCore
    - FirebaseCoreDiagnostics
    - FirebaseCrashlytics
    - FirebaseDatabase
    - FirebaseInstallations
    - FirebaseInstanceID
    - FirebaseMessaging
    - FirebaseStorage
    - FirebaseUI
    - GoogleAppMeasurement
    - GoogleDataTransport
    - GoogleUtilities
    - GTMSessionFetcher
    - Kingfisher
    - leveldb-library
    - lottie-ios
    - nanopb
    - PromisesObjC
    - Protobuf
    - SwiftyGif
    - SwiftyJSON
    - TTGSnackbar

EXTERNAL SOURCES:
  Siren:
    :branch: swift5.0
    :git: https://github.com/ArtSabintsev/Siren.git

CHECKOUT OPTIONS:
  Siren:
    :commit: ef6d9ffa4226ced10d1b46d03c38c1b794b22788
    :git: https://github.com/ArtSabintsev/Siren.git

SPEC CHECKSUMS:
  Alamofire: 814429acc853c6c54ff123fc3d2ef66803823ce0
  DeviceKit: d081659419cce07c0b5239dbc9fb39ed7413c7fe
  Firebase: ed042590caa0029392257529a8003c25ee82bc18
  FirebaseAnalytics: 5fa308e1b13f838d0f6dc74719ac2a72e8c5afc4
  FirebaseAuth: 06feef26ff3a98323677c76c4102146b872cd6b7
  FirebaseCore: 687b8e6a0a4337b898a6326d68254c2f80c143af
  FirebaseCoreDiagnostics: 7535fe695737f8c5b350584292a70b7f8ff0357b
  FirebaseCrashlytics: f6ae039fdaf07980425f2ae9f49131fc94009c58
  FirebaseDatabase: 55e69fe802ccb438d9c6ee51eb32fd425d5409d3
  FirebaseInstallations: 3c520c951305cbf9ca54eb891ff9e6d1fd384881
  FirebaseInstanceID: 358d5cb393d2750a745569ede06827c35aea530b
  FirebaseMessaging: bdd4d573eab37ebee29bad4e7c4b0ef18fa1a952
  FirebaseStorage: 3ef81ca5fa7817f85451ca09d516a34d2c7542a7
  FirebaseUI: e57e9b9c4340631151fbe67a14206d23d0974f37
  GoogleAppMeasurement: 8cd1f289d60e629cf16ab03363b9e89c776b9651
  GoogleDataTransport: 8a40cb194ad242b6f6dfe72c14fe40fc67c4dcd7
  GoogleUtilities: e121a3867449ce16b0e35ddf1797ea7a389ffdf2
  GTMSessionFetcher: 6f5c8abbab8a9bce4bb3f057e317728ec6182b10
  Kingfisher: 8050bc6f7f68cbf3908bd04df7ccbac188f6d6d6
  leveldb-library: 55d93ee664b4007aac644a782d11da33fba316f7
  lottie-ios: 48fac6be217c76937e36e340e2d09cf7b10b7f5f
  nanopb: c43f40fadfe79e8b8db116583945847910cbabc9
  PromisesObjC: b48e0338dbbac2207e611750777895f7a5811b75
  Protobuf: 2793fcd0622a00b546c60e7cbbcc493e043e9bb9
  Siren: ee674e4ab57f5cc23186202a11313bc50a661a61
  SwiftyGif: e466e86c660d343357ab944a819a101c4127cb40
  SwiftyJSON: 36413e04c44ee145039d332b4f4e2d3e8d6c4db7
  TTGSnackbar: 97c033600de8a9c8f4a093f25a08543a03946bcc

PODFILE CHECKSUM: 17247d91b15eb3073f925b9f837288d00dca4fc8

COCOAPODS: 1.9.3
